
Microsoft Visual Studio Solution File, Format Version 12.00
# Visual Studio 15
VisualStudioVersion = 15.0.27130.2027
MinimumVisualStudioVersion = 10.0.40219.1
Project("{9A19103F-16F7-4668-BE54-9A1E7A4F7556}") = "OrderReverse", "OrderReverse\OrderReverse.csproj", "{03F83F40-E3A0-4E2E-BCB1-98F76242BB0C}"
EndProject
Project("{FAE04EC0-301F-11D3-BF4B-00C04F79EFBC}") = "OrderReverse.Tests", "OrderReverse.Tests\OrderReverse.Tests.csproj", "{2B258843-3D35-44E7-A721-CEFE2840ADC8}"
EndProject
Global
	GlobalSection(SolutionConfigurationPlatforms) = preSolution
		Debug|Any CPU = Debug|Any CPU
		Release|Any CPU = Release|Any CPU
	EndGlobalSection
	GlobalSection(ProjectConfigurationPlatforms) = postSolution
		{03F83F40-E3A0-4E2E-BCB1-98F76242BB0C}.Debug|Any CPU.ActiveCfg = Debug|Any CPU
		{03F83F40-E3A0-4E2E-BCB1-98F76242BB0C}.Debug|Any CPU.Build.0 = Debug|Any CPU
		{03F83F40-E3A0-4E2E-BCB1-98F76242BB0C}.Release|Any CPU.ActiveCfg = Release|Any CPU
		{03F83F40-E3A0-4E2E-BCB1-98F76242BB0C}.Release|Any CPU.Build.0 = Release|Any CPU
		{2B258843-3D35-44E7-A721-CEFE2840ADC8}.Debug|Any CPU.ActiveCfg = Debug|Any CPU
		{2B258843-3D35-44E7-A721-CEFE2840ADC8}.Debug|Any CPU.Build.0 = Debug|Any CPU
		{2B258843-3D35-44E7-A721-CEFE2840ADC8}.Release|Any CPU.ActiveCfg = Release|Any CPU
		{2B258843-3D35-44E7-A721-CEFE2840ADC8}.Release|Any CPU.Build.0 = Release|Any CPU
	EndGlobalSection
	GlobalSection(SolutionProperties) = preSolution
		HideSolutionNode = FALSE
	EndGlobalSection
	GlobalSection(ExtensibilityGlobals) = postSolution
		SolutionGuid = {98536562-2C49-461A-B10B-3468A8845A9C}
	EndGlobalSection
EndGlobal
